
Microsoft Visual Studio Solution File, Format Version 12.00
# Visual Studio Version 16
VisualStudioVersion = 16.0.31729.503
MinimumVisualStudioVersion = 10.0.40219.1
Project("{FAE04EC0-301F-11D3-BF4B-00C04F79EFBC}") = "BlackJack", "BlackJack.csproj", "{1FA0BB60-31B0-43FE-942B-21047E5E1931}"
EndProject
Project("{FAE04EC0-301F-11D3-BF4B-00C04F79EFBC}") = "BlackJackClasses", "..\BlackJackClasses\BlackJackClasses.csproj", "{BD95CFC0-99B5-4150-AEE1-257B048A7909}"
EndProject
Project("{FAE04EC0-301F-11D3-BF4B-00C04F79EFBC}") = "BlackJackClassesTests2", "..\BlackJackClassesTests2\BlackJackClassesTests2.csproj", "{15CF1D56-EB93-4012-9F67-F6415692BEB9}"
EndProject
Global
	GlobalSection(SolutionConfigurationPlatforms) = preSolution
		Debug|Any CPU = Debug|Any CPU
		Release|Any CPU = Release|Any CPU
	EndGlobalSection
	GlobalSection(ProjectConfigurationPlatforms) = postSolution
		{1FA0BB60-31B0-43FE-942B-21047E5E1931}.Debug|Any CPU.ActiveCfg = Debug|Any CPU
		{1FA0BB60-31B0-43FE-942B-21047E5E1931}.Debug|Any CPU.Build.0 = Debug|Any CPU
		{1FA0BB60-31B0-43FE-942B-21047E5E1931}.Release|Any CPU.ActiveCfg = Release|Any CPU
		{1FA0BB60-31B0-43FE-942B-21047E5E1931}.Release|Any CPU.Build.0 = Release|Any CPU
		{BD95CFC0-99B5-4150-AEE1-257B048A7909}.Debug|Any CPU.ActiveCfg = Debug|Any CPU
		{BD95CFC0-99B5-4150-AEE1-257B048A7909}.Debug|Any CPU.Build.0 = Debug|Any CPU
		{BD95CFC0-99B5-4150-AEE1-257B048A7909}.Release|Any CPU.ActiveCfg = Release|Any CPU
		{BD95CFC0-99B5-4150-AEE1-257B048A7909}.Release|Any CPU.Build.0 = Release|Any CPU
		{15CF1D56-EB93-4012-9F67-F6415692BEB9}.Debug|Any CPU.ActiveCfg = Debug|Any CPU
		{15CF1D56-EB93-4012-9F67-F6415692BEB9}.Debug|Any CPU.Build.0 = Debug|Any CPU
		{15CF1D56-EB93-4012-9F67-F6415692BEB9}.Release|Any CPU.ActiveCfg = Release|Any CPU
		{15CF1D56-EB93-4012-9F67-F6415692BEB9}.Release|Any CPU.Build.0 = Release|Any CPU
	EndGlobalSection
	GlobalSection(SolutionProperties) = preSolution
		HideSolutionNode = FALSE
	EndGlobalSection
	GlobalSection(ExtensibilityGlobals) = postSolution
		SolutionGuid = {D78D1382-ABFB-4AC7-AF9F-0D970211E104}
	EndGlobalSection
EndGlobal
